
Microsoft Visual Studio Solution File, Format Version 12.00
# Visual Studio 14
VisualStudioVersion = 14.0.24720.0
MinimumVisualStudioVersion = 10.0.40219.1
Project("{FAE04EC0-301F-11D3-BF4B-00C04F79EFBC}") = "App1.Droid", "App1\App1.Droid\App1.Droid.csproj", "{7AE76DA4-44C5-4A83-8505-809010D59A09}"
EndProject
Project("{FAE04EC0-301F-11D3-BF4B-00C04F79EFBC}") = "App1.iOS", "App1\App1.iOS\App1.iOS.csproj", "{8D8EC99A-5B3A-4DCC-BE91-FB2AFD086C9B}"
EndProject
Project("{FAE04EC0-301F-11D3-BF4B-00C04F79EFBC}") = "App1", "App1\App1\App1.csproj", "{ED027BDB-A16F-4E48-A8B0-C8108967A123}"
EndProject
Global
	GlobalSection(SolutionConfigurationPlatforms) = preSolution
		Ad-Hoc|Any CPU = Ad-Hoc|Any CPU
		Ad-Hoc|iPhone = Ad-Hoc|iPhone
		Ad-Hoc|iPhoneSimulator = Ad-Hoc|iPhoneSimulator
		AppStore|Any CPU = AppStore|Any CPU
		AppStore|iPhone = AppStore|iPhone
		AppStore|iPhoneSimulator = AppStore|iPhoneSimulator
		Debug|Any CPU = Debug|Any CPU
		Debug|iPhone = Debug|iPhone
		Debug|iPhoneSimulator = Debug|iPhoneSimulator
		Release|Any CPU = Release|Any CPU
		Release|iPhone = Release|iPhone
		Release|iPhoneSimulator = Release|iPhoneSimulator
	EndGlobalSection
	GlobalSection(ProjectConfigurationPlatforms) = postSolution
		{7AE76DA4-44C5-4A83-8505-809010D59A09}.Ad-Hoc|Any CPU.ActiveCfg = Release|Any CPU
		{7AE76DA4-44C5-4A83-8505-809010D59A09}.Ad-Hoc|Any CPU.Build.0 = Release|Any CPU
		{7AE76DA4-44C5-4A83-8505-809010D59A09}.Ad-Hoc|Any CPU.Deploy.0 = Release|Any CPU
		{7AE76DA4-44C5-4A83-8505-809010D59A09}.Ad-Hoc|iPhone.ActiveCfg = Release|Any CPU
		{7AE76DA4-44C5-4A83-8505-809010D59A09}.Ad-Hoc|iPhone.Build.0 = Release|Any CPU
		{7AE76DA4-44C5-4A83-8505-809010D59A09}.Ad-Hoc|iPhone.Deploy.0 = Release|Any CPU
		{7AE76DA4-44C5-4A83-8505-809010D59A09}.Ad-Hoc|iPhoneSimulator.ActiveCfg = Release|Any CPU
		{7AE76DA4-44C5-4A83-8505-809010D59A09}.Ad-Hoc|iPhoneSimulator.Build.0 = Release|Any CPU
		{7AE76DA4-44C5-4A83-8505-809010D59A09}.Ad-Hoc|iPhoneSimulator.Deploy.0 = Release|Any CPU
		{7AE76DA4-44C5-4A83-8505-809010D59A09}.AppStore|Any CPU.ActiveCfg = Release|Any CPU
		{7AE76DA4-44C5-4A83-8505-809010D59A09}.AppStore|Any CPU.Build.0 = Release|Any CPU
		{7AE76DA4-44C5-4A83-8505-809010D59A09}.AppStore|Any CPU.Deploy.0 = Release|Any CPU
		{7AE76DA4-44C5-4A83-8505-809010D59A09}.AppStore|iPhone.ActiveCfg = Release|Any CPU
		{7AE76DA4-44C5-4A83-8505-809010D59A09}.AppStore|iPhone.Build.0 = Release|Any CPU
		{7AE76DA4-44C5-4A83-8505-809010D59A09}.AppStore|iPhone.Deploy.0 = Release|Any CPU
		{7AE76DA4-44C5-4A83-8505-809010D59A09}.AppStore|iPhoneSimulator.ActiveCfg = Release|Any CPU
		{7AE76DA4-44C5-4A83-8505-809010D59A09}.AppStore|iPhoneSimulator.Build.0 = Release|Any CPU
		{7AE76DA4-44C5-4A83-8505-809010D59A09}.AppStore|iPhoneSimulator.Deploy.0 = Release|Any CPU
		{7AE76DA4-44C5-4A83-8505-809010D59A09}.Debug|Any CPU.ActiveCfg = Debug|Any CPU
		{7AE76DA4-44C5-4A83-8505-809010D59A09}.Debug|Any CPU.Build.0 = Debug|Any CPU
		{7AE76DA4-44C5-4A83-8505-809010D59A09}.Debug|Any CPU.Deploy.0 = Debug|Any CPU
		{7AE76DA4-44C5-4A83-8505-809010D59A09}.Debug|iPhone.ActiveCfg = Debug|Any CPU
		{7AE76DA4-44C5-4A83-8505-809010D59A09}.Debug|iPhone.Build.0 = Debug|Any CPU
		{7AE76DA4-44C5-4A83-8505-809010D59A09}.Debug|iPhone.Deploy.0 = Debug|Any CPU
		{7AE76DA4-44C5-4A83-8505-809010D59A09}.Debug|iPhoneSimulator.ActiveCfg = Debug|Any CPU
		{7AE76DA4-44C5-4A83-8505-809010D59A09}.Debug|iPhoneSimulator.Build.0 = Debug|Any CPU
		{7AE76DA4-44C5-4A83-8505-809010D59A09}.Debug|iPhoneSimulator.Deploy.0 = Debug|Any CPU
		{7AE76DA4-44C5-4A83-8505-809010D59A09}.Release|Any CPU.ActiveCfg = Release|Any CPU
		{7AE76DA4-44C5-4A83-8505-809010D59A09}.Release|Any CPU.Build.0 = Release|Any CPU
		{7AE76DA4-44C5-4A83-8505-809010D59A09}.Release|Any CPU.Deploy.0 = Release|Any CPU
		{7AE76DA4-44C5-4A83-8505-809010D59A09}.Release|iPhone.ActiveCfg = Release|Any CPU
		{7AE76DA4-44C5-4A83-8505-809010D59A09}.Release|iPhone.Build.0 = Release|Any CPU
		{7AE76DA4-44C5-4A83-8505-809010D59A09}.Release|iPhone.Deploy.0 = Release|Any CPU
		{7AE76DA4-44C5-4A83-8505-809010D59A09}.Release|iPhoneSimulator.ActiveCfg = Release|Any CPU
		{7AE76DA4-44C5-4A83-8505-809010D59A09}.Release|iPhoneSimulator.Build.0 = Release|Any CPU
		{7AE76DA4-44C5-4A83-8505-809010D59A09}.Release|iPhoneSimulator.Deploy.0 = Release|Any CPU
		{8D8EC99A-5B3A-4DCC-BE91-FB2AFD086C9B}.Ad-Hoc|Any CPU.ActiveCfg = Ad-Hoc|iPhone
		{8D8EC99A-5B3A-4DCC-BE91-FB2AFD086C9B}.Ad-Hoc|iPhone.ActiveCfg = Ad-Hoc|iPhone
		{8D8EC99A-5B3A-4DCC-BE91-FB2AFD086C9B}.Ad-Hoc|iPhone.Build.0 = Ad-Hoc|iPhone
		{8D8EC99A-5B3A-4DCC-BE91-FB2AFD086C9B}.Ad-Hoc|iPhoneSimulator.ActiveCfg = Ad-Hoc|iPhoneSimulator
		{8D8EC99A-5B3A-4DCC-BE91-FB2AFD086C9B}.Ad-Hoc|iPhoneSimulator.Build.0 = Ad-Hoc|iPhoneSimulator
		{8D8EC99A-5B3A-4DCC-BE91-FB2AFD086C9B}.AppStore|Any CPU.ActiveCfg = AppStore|iPhone
		{8D8EC99A-5B3A-4DCC-BE91-FB2AFD086C9B}.AppStore|iPhone.ActiveCfg = AppStore|iPhone
		{8D8EC99A-5B3A-4DCC-BE91-FB2AFD086C9B}.AppStore|iPhone.Build.0 = AppStore|iPhone
		{8D8EC99A-5B3A-4DCC-BE91-FB2AFD086C9B}.AppStore|iPhoneSimulator.ActiveCfg = AppStore|iPhoneSimulator
		{8D8EC99A-5B3A-4DCC-BE91-FB2AFD086C9B}.AppStore|iPhoneSimulator.Build.0 = AppStore|iPhoneSimulator
		{8D8EC99A-5B3A-4DCC-BE91-FB2AFD086C9B}.Debug|Any CPU.ActiveCfg = Debug|iPhone
		{8D8EC99A-5B3A-4DCC-BE91-FB2AFD086C9B}.Debug|iPhone.ActiveCfg = Debug|iPhone
		{8D8EC99A-5B3A-4DCC-BE91-FB2AFD086C9B}.Debug|iPhone.Build.0 = Debug|iPhone
		{8D8EC99A-5B3A-4DCC-BE91-FB2AFD086C9B}.Debug|iPhoneSimulator.ActiveCfg = Debug|iPhoneSimulator
		{8D8EC99A-5B3A-4DCC-BE91-FB2AFD086C9B}.Debug|iPhoneSimulator.Build.0 = Debug|iPhoneSimulator
		{8D8EC99A-5B3A-4DCC-BE91-FB2AFD086C9B}.Release|Any CPU.ActiveCfg = Release|iPhone
		{8D8EC99A-5B3A-4DCC-BE91-FB2AFD086C9B}.Release|iPhone.ActiveCfg = Release|iPhone
		{8D8EC99A-5B3A-4DCC-BE91-FB2AFD086C9B}.Release|iPhone.Build.0 = Release|iPhone
		{8D8EC99A-5B3A-4DCC-BE91-FB2AFD086C9B}.Release|iPhoneSimulator.ActiveCfg = Release|iPhoneSimulator
		{8D8EC99A-5B3A-4DCC-BE91-FB2AFD086C9B}.Release|iPhoneSimulator.Build.0 = Release|iPhoneSimulator
		{ED027BDB-A16F-4E48-A8B0-C8108967A123}.Ad-Hoc|Any CPU.ActiveCfg = Release|Any CPU
		{ED027BDB-A16F-4E48-A8B0-C8108967A123}.Ad-Hoc|Any CPU.Build.0 = Release|Any CPU
		{ED027BDB-A16F-4E48-A8B0-C8108967A123}.Ad-Hoc|iPhone.ActiveCfg = Release|Any CPU
		{ED027BDB-A16F-4E48-A8B0-C8108967A123}.Ad-Hoc|iPhone.Build.0 = Release|Any CPU
		{ED027BDB-A16F-4E48-A8B0-C8108967A123}.Ad-Hoc|iPhoneSimulator.ActiveCfg = Release|Any CPU
		{ED027BDB-A16F-4E48-A8B0-C8108967A123}.Ad-Hoc|iPhoneSimulator.Build.0 = Release|Any CPU
		{ED027BDB-A16F-4E48-A8B0-C8108967A123}.AppStore|Any CPU.ActiveCfg = Release|Any CPU
		{ED027BDB-A16F-4E48-A8B0-C8108967A123}.AppStore|Any CPU.Build.0 = Release|Any CPU
		{ED027BDB-A16F-4E48-A8B0-C8108967A123}.AppStore|iPhone.ActiveCfg = Release|Any CPU
		{ED027BDB-A16F-4E48-A8B0-C8108967A123}.AppStore|iPhone.Build.0 = Release|Any CPU
		{ED027BDB-A16F-4E48-A8B0-C8108967A123}.AppStore|iPhoneSimulator.ActiveCfg = Release|Any CPU
		{ED027BDB-A16F-4E48-A8B0-C8108967A123}.AppStore|iPhoneSimulator.Build.0 = Release|Any CPU
		{ED027BDB-A16F-4E48-A8B0-C8108967A123}.Debug|Any CPU.ActiveCfg = Debug|Any CPU
		{ED027BDB-A16F-4E48-A8B0-C8108967A123}.Debug|Any CPU.Build.0 = Debug|Any CPU
		{ED027BDB-A16F-4E48-A8B0-C8108967A123}.Debug|iPhone.ActiveCfg = Debug|Any CPU
		{ED027BDB-A16F-4E48-A8B0-C8108967A123}.Debug|iPhone.Build.0 = Debug|Any CPU
		{ED027BDB-A16F-4E48-A8B0-C8108967A123}.Debug|iPhoneSimulator.ActiveCfg = Debug|Any CPU
		{ED027BDB-A16F-4E48-A8B0-C8108967A123}.Debug|iPhoneSimulator.Build.0 = Debug|Any CPU
		{ED027BDB-A16F-4E48-A8B0-C8108967A123}.Release|Any CPU.ActiveCfg = Release|Any CPU
		{ED027BDB-A16F-4E48-A8B0-C8108967A123}.Release|Any CPU.Build.0 = Release|Any CPU
		{ED027BDB-A16F-4E48-A8B0-C8108967A123}.Release|iPhone.ActiveCfg = Release|Any CPU
		{ED027BDB-A16F-4E48-A8B0-C8108967A123}.Release|iPhone.Build.0 = Release|Any CPU
		{ED027BDB-A16F-4E48-A8B0-C8108967A123}.Release|iPhoneSimulator.ActiveCfg = Release|Any CPU
		{ED027BDB-A16F-4E48-A8B0-C8108967A123}.Release|iPhoneSimulator.Build.0 = Release|Any CPU
	EndGlobalSection
	GlobalSection(SolutionProperties) = preSolution
		HideSolutionNode = FALSE
	EndGlobalSection
EndGlobal
