
Microsoft Visual Studio Solution File, Format Version 12.00
# Visual Studio 14
VisualStudioVersion = 14.0.23107.0
MinimumVisualStudioVersion = 10.0.40219.1
Project("{FAE04EC0-301F-11D3-BF4B-00C04F79EFBC}") = "Object Class", "Object Class\Object Class.csproj", "{2A997A86-4101-42A9-BEF8-ED50E1AFED75}"
EndProject
Project("{FAE04EC0-301F-11D3-BF4B-00C04F79EFBC}") = "Shallow and Deep Copy", "Shallow and Deep Copy\Shallow and Deep Copy.csproj", "{DB4979BB-20C6-45EB-BEBF-887FC0F1EEE7}"
EndProject
Project("{FAE04EC0-301F-11D3-BF4B-00C04F79EFBC}") = "Namespaces", "Namespaces\Namespaces.csproj", "{9F484280-BDEE-42A9-8C46-4B39AEB1EF5D}"
EndProject
Project("{FAE04EC0-301F-11D3-BF4B-00C04F79EFBC}") = "DataTypes and Operators", "DataTypes and Operators\DataTypes and Operators.csproj", "{02F19847-2B0E-430E-8AD9-C53F245BBA48}"
EndProject
Global
	GlobalSection(SolutionConfigurationPlatforms) = preSolution
		Debug|Any CPU = Debug|Any CPU
		Release|Any CPU = Release|Any CPU
	EndGlobalSection
	GlobalSection(ProjectConfigurationPlatforms) = postSolution
		{2A997A86-4101-42A9-BEF8-ED50E1AFED75}.Debug|Any CPU.ActiveCfg = Debug|Any CPU
		{2A997A86-4101-42A9-BEF8-ED50E1AFED75}.Debug|Any CPU.Build.0 = Debug|Any CPU
		{2A997A86-4101-42A9-BEF8-ED50E1AFED75}.Release|Any CPU.ActiveCfg = Release|Any CPU
		{2A997A86-4101-42A9-BEF8-ED50E1AFED75}.Release|Any CPU.Build.0 = Release|Any CPU
		{DB4979BB-20C6-45EB-BEBF-887FC0F1EEE7}.Debug|Any CPU.ActiveCfg = Debug|Any CPU
		{DB4979BB-20C6-45EB-BEBF-887FC0F1EEE7}.Debug|Any CPU.Build.0 = Debug|Any CPU
		{DB4979BB-20C6-45EB-BEBF-887FC0F1EEE7}.Release|Any CPU.ActiveCfg = Release|Any CPU
		{DB4979BB-20C6-45EB-BEBF-887FC0F1EEE7}.Release|Any CPU.Build.0 = Release|Any CPU
		{9F484280-BDEE-42A9-8C46-4B39AEB1EF5D}.Debug|Any CPU.ActiveCfg = Debug|Any CPU
		{9F484280-BDEE-42A9-8C46-4B39AEB1EF5D}.Debug|Any CPU.Build.0 = Debug|Any CPU
		{9F484280-BDEE-42A9-8C46-4B39AEB1EF5D}.Release|Any CPU.ActiveCfg = Release|Any CPU
		{9F484280-BDEE-42A9-8C46-4B39AEB1EF5D}.Release|Any CPU.Build.0 = Release|Any CPU
		{02F19847-2B0E-430E-8AD9-C53F245BBA48}.Debug|Any CPU.ActiveCfg = Debug|Any CPU
		{02F19847-2B0E-430E-8AD9-C53F245BBA48}.Debug|Any CPU.Build.0 = Debug|Any CPU
		{02F19847-2B0E-430E-8AD9-C53F245BBA48}.Release|Any CPU.ActiveCfg = Release|Any CPU
		{02F19847-2B0E-430E-8AD9-C53F245BBA48}.Release|Any CPU.Build.0 = Release|Any CPU
	EndGlobalSection
	GlobalSection(SolutionProperties) = preSolution
		HideSolutionNode = FALSE
	EndGlobalSection
EndGlobal
